{
    "version": 3,
    "terraform_version": "0.9.2",
    "serial": 0,
    "lineage": "716382e2-2686-47b8-ad16-153722508435",
    "modules": [
        {
            "path": [
                "root"
            ],
            "outputs": {
                "vpc_id": {
                    "sensitive": false,
                    "type": "string",
                    "value": "vpc-998632f0"
                }
            },
            "resources": {
                "aws_eip.nat_gateway": {
                    "type": "aws_eip",
                    "depends_on": [],
                    "primary": {
                        "id": "eipalloc-0264ae6b",
                        "attributes": {
                            "association_id": "",
                            "domain": "vpc",
                            "id": "eipalloc-0264ae6b",
                            "instance": "",
                            "network_interface": "",
                            "private_ip": "",
                            "public_ip": "35.176.52.219",
                            "vpc": "true"
                        },
                        "meta": {},
                        "tainted": false
                    },
                    "deposed": [],
                    "provider": ""
                },
                "aws_internet_gateway.main": {
                    "type": "aws_internet_gateway",
                    "depends_on": [
                        "aws_vpc.main"
                    ],
                    "primary": {
                        "id": "igw-41508c28",
                        "attributes": {
                            "id": "igw-41508c28",
                            "vpc_id": "vpc-998632f0"
                        },
                        "meta": {},
                        "tainted": false
                    },
                    "deposed": [],
                    "provider": ""
                },
                "aws_nat_gateway.main": {
                    "type": "aws_nat_gateway",
                    "depends_on": [
                        "aws_eip.nat_gateway",
                        "aws_subnet.public"
                    ],
                    "primary": {
                        "id": "nat-069cba472ed7cb317",
                        "attributes": {
                            "allocation_id": "eipalloc-0264ae6b",
                            "id": "nat-069cba472ed7cb317",
                            "network_interface_id": "eni-cb352bb0",
                            "private_ip": "10.0.0.84",
                            "public_ip": "35.176.52.219",
                            "subnet_id": "subnet-f27da489"
                        },
                        "meta": {},
                        "tainted": false
                    },
                    "deposed": [],
                    "provider": ""
                },
                "aws_route.dmz_igw": {
                    "type": "aws_route",
                    "depends_on": [
                        "aws_internet_gateway.main",
                        "aws_route_table.dmz",
                        "aws_route_table.dmz"
                    ],
                    "primary": {
                        "id": "r-rtb-2a41fc431080289494",
                        "attributes": {
                            "destination_cidr_block": "0.0.0.0/0",
                            "destination_prefix_list_id": "",
                            "egress_only_gateway_id": "",
                            "gateway_id": "igw-41508c28",
                            "id": "r-rtb-2a41fc431080289494",
                            "instance_id": "",
                            "instance_owner_id": "",
                            "nat_gateway_id": "",
                            "network_interface_id": "",
                            "origin": "CreateRoute",
                            "route_table_id": "rtb-2a41fc43",
                            "state": "active",
                            "vpc_peering_connection_id": ""
                        },
                        "meta": {},
                        "tainted": false
                    },
                    "deposed": [],
                    "provider": ""
                },
                "aws_route.nat": {
                    "type": "aws_route",
                    "depends_on": [
                        "aws_nat_gateway.main",
                        "data.aws_route_table.main"
                    ],
                    "primary": {
                        "id": "r-rtb-8041fce91080289494",
                        "attributes": {
                            "destination_cidr_block": "0.0.0.0/0",
                            "destination_prefix_list_id": "",
                            "egress_only_gateway_id": "",
                            "gateway_id": "",
                            "id": "r-rtb-8041fce91080289494",
                            "instance_id": "",
                            "instance_owner_id": "",
                            "nat_gateway_id": "nat-069cba472ed7cb317",
                            "network_interface_id": "",
                            "origin": "CreateRoute",
                            "route_table_id": "rtb-8041fce9",
                            "state": "active",
                            "vpc_peering_connection_id": ""
                        },
                        "meta": {},
                        "tainted": false
                    },
                    "deposed": [],
                    "provider": ""
                },
                "aws_route_table.dmz": {
                    "type": "aws_route_table",
                    "depends_on": [
                        "aws_vpc.main"
                    ],
                    "primary": {
                        "id": "rtb-2a41fc43",
                        "attributes": {
                            "id": "rtb-2a41fc43",
                            "propagating_vgws.#": "0",
                            "route.#": "0",
                            "tags.%": "1",
                            "tags.Name": "Public Routing Table",
                            "vpc_id": "vpc-998632f0"
                        },
                        "meta": {},
                        "tainted": false
                    },
                    "deposed": [],
                    "provider": ""
                },
                "aws_route_table_association.dmz.0": {
                    "type": "aws_route_table_association",
                    "depends_on": [
                        "aws_route_table.dmz",
                        "aws_subnet.public.*",
                        "data.aws_availability_zones.all"
                    ],
                    "primary": {
                        "id": "rtbassoc-51e36b38",
                        "attributes": {
                            "id": "rtbassoc-51e36b38",
                            "route_table_id": "rtb-2a41fc43",
                            "subnet_id": "subnet-f27da489"
                        },
                        "meta": {},
                        "tainted": false
                    },
                    "deposed": [],
                    "provider": ""
                },
                "aws_route_table_association.dmz.1": {
                    "type": "aws_route_table_association",
                    "depends_on": [
                        "aws_route_table.dmz",
                        "aws_subnet.public.*",
                        "data.aws_availability_zones.all"
                    ],
                    "primary": {
                        "id": "rtbassoc-f1e46c98",
                        "attributes": {
                            "id": "rtbassoc-f1e46c98",
                            "route_table_id": "rtb-2a41fc43",
                            "subnet_id": "subnet-1ce81851"
                        },
                        "meta": {},
                        "tainted": false
                    },
                    "deposed": [],
                    "provider": ""
                },
                "aws_subnet.private.0": {
                    "type": "aws_subnet",
                    "depends_on": [
                        "aws_vpc.main",
                        "aws_vpc.main",
                        "data.aws_availability_zones.all",
                        "data.aws_availability_zones.all"
                    ],
                    "primary": {
                        "id": "subnet-0479a07f",
                        "attributes": {
                            "assign_ipv6_address_on_creation": "false",
                            "availability_zone": "eu-west-2a",
                            "cidr_block": "10.0.2.0/24",
                            "id": "subnet-0479a07f",
                            "map_public_ip_on_launch": "false",
                            "tags.%": "1",
                            "tags.Name": "Private 0",
                            "vpc_id": "vpc-998632f0"
                        },
                        "meta": {},
                        "tainted": false
                    },
                    "deposed": [],
                    "provider": ""
                },
                "aws_subnet.private.1": {
                    "type": "aws_subnet",
                    "depends_on": [
                        "aws_vpc.main",
                        "aws_vpc.main",
                        "data.aws_availability_zones.all",
                        "data.aws_availability_zones.all"
                    ],
                    "primary": {
                        "id": "subnet-39ea1a74",
                        "attributes": {
                            "assign_ipv6_address_on_creation": "false",
                            "availability_zone": "eu-west-2b",
                            "cidr_block": "10.0.3.0/24",
                            "id": "subnet-39ea1a74",
                            "map_public_ip_on_launch": "false",
                            "tags.%": "1",
                            "tags.Name": "Private 1",
                            "vpc_id": "vpc-998632f0"
                        },
                        "meta": {},
                        "tainted": false
                    },
                    "deposed": [],
                    "provider": ""
                },
                "aws_subnet.public.0": {
                    "type": "aws_subnet",
                    "depends_on": [
                        "aws_vpc.main",
                        "aws_vpc.main",
                        "data.aws_availability_zones.all",
                        "data.aws_availability_zones.all"
                    ],
                    "primary": {
                        "id": "subnet-f27da489",
                        "attributes": {
                            "assign_ipv6_address_on_creation": "false",
                            "availability_zone": "eu-west-2a",
                            "cidr_block": "10.0.0.0/24",
                            "id": "subnet-f27da489",
                            "map_public_ip_on_launch": "false",
                            "tags.%": "1",
                            "tags.Name": "Public 0",
                            "vpc_id": "vpc-998632f0"
                        },
                        "meta": {},
                        "tainted": false
                    },
                    "deposed": [],
                    "provider": ""
                },
                "aws_subnet.public.1": {
                    "type": "aws_subnet",
                    "depends_on": [
                        "aws_vpc.main",
                        "aws_vpc.main",
                        "data.aws_availability_zones.all",
                        "data.aws_availability_zones.all"
                    ],
                    "primary": {
                        "id": "subnet-1ce81851",
                        "attributes": {
                            "assign_ipv6_address_on_creation": "false",
                            "availability_zone": "eu-west-2b",
                            "cidr_block": "10.0.1.0/24",
                            "id": "subnet-1ce81851",
                            "map_public_ip_on_launch": "false",
                            "tags.%": "1",
                            "tags.Name": "Public 1",
                            "vpc_id": "vpc-998632f0"
                        },
                        "meta": {},
                        "tainted": false
                    },
                    "deposed": [],
                    "provider": ""
                },
                "aws_vpc.main": {
                    "type": "aws_vpc",
                    "depends_on": [],
                    "primary": {
                        "id": "vpc-998632f0",
                        "attributes": {
                            "assign_generated_ipv6_cidr_block": "false",
                            "cidr_block": "10.0.0.0/16",
                            "default_network_acl_id": "acl-a88b38c1",
                            "default_route_table_id": "rtb-8041fce9",
                            "default_security_group_id": "sg-b11a82d8",
                            "dhcp_options_id": "dopt-4b4eff22",
                            "enable_dns_hostnames": "false",
                            "enable_dns_support": "false",
                            "id": "vpc-998632f0",
                            "instance_tenancy": "default",
                            "main_route_table_id": "rtb-8041fce9",
                            "tags.%": "1",
                            "tags.Name": "Chatbot Test"
                        },
                        "meta": {
                            "schema_version": "1"
                        },
                        "tainted": false
                    },
                    "deposed": [],
                    "provider": ""
                },
                "data.aws_availability_zones.all": {
                    "type": "aws_availability_zones",
                    "depends_on": [],
                    "primary": {
                        "id": "2017-05-19 13:14:59.978814111 +0000 UTC",
                        "attributes": {
                            "id": "2017-05-19 13:14:59.978814111 +0000 UTC",
                            "names.#": "2",
                            "names.0": "eu-west-2a",
                            "names.1": "eu-west-2b"
                        },
                        "meta": {},
                        "tainted": false
                    },
                    "deposed": [],
                    "provider": ""
                },
                "data.aws_route_table.main": {
                    "type": "aws_route_table",
                    "depends_on": [
                        "aws_vpc.main"
                    ],
                    "primary": {
                        "id": "rtb-8041fce9",
                        "attributes": {
                            "associations.#": "1",
                            "associations.0.main": "true",
                            "associations.0.route_table_association_id": "rtbassoc-8fe36be6",
                            "associations.0.route_table_id": "rtb-8041fce9",
                            "associations.0.subnet_id": "",
                            "filter.#": "1",
                            "filter.1135710929.name": "association.main",
                            "filter.1135710929.values.#": "1",
                            "filter.1135710929.values.4043113848": "true",
                            "id": "rtb-8041fce9",
                            "route_table_id": "rtb-8041fce9",
                            "routes.#": "0",
                            "tags.%": "0",
                            "vpc_id": "vpc-998632f0"
                        },
                        "meta": {},
                        "tainted": false
                    },
                    "deposed": [],
                    "provider": ""
                }
            },
            "depends_on": []
        }
    ]
}
